
Microsoft Visual Studio Solution File, Format Version 12.00
# Visual Studio Version 17
VisualStudioVersion = 17.4.33122.133
MinimumVisualStudioVersion = 10.0.40219.1
Project("{FAE04EC0-301F-11D3-BF4B-00C04F79EFBC}") = "Generics", "Generics.csproj", "{F1A16715-718B-4558-8205-F6343D8E4076}"
EndProject
Global
	GlobalSection(SolutionConfigurationPlatforms) = preSolution
		Debug|Any CPU = Debug|Any CPU
		Release|Any CPU = Release|Any CPU
	EndGlobalSection
	GlobalSection(ProjectConfigurationPlatforms) = postSolution
		{F1A16715-718B-4558-8205-F6343D8E4076}.Debug|Any CPU.ActiveCfg = Debug|Any CPU
		{F1A16715-718B-4558-8205-F6343D8E4076}.Debug|Any CPU.Build.0 = Debug|Any CPU
		{F1A16715-718B-4558-8205-F6343D8E4076}.Release|Any CPU.ActiveCfg = Release|Any CPU
		{F1A16715-718B-4558-8205-F6343D8E4076}.Release|Any CPU.Build.0 = Release|Any CPU
	EndGlobalSection
	GlobalSection(SolutionProperties) = preSolution
		HideSolutionNode = FALSE
	EndGlobalSection
	GlobalSection(ExtensibilityGlobals) = postSolution
		SolutionGuid = {3797873B-15C0-4B04-832C-BB0761DA948A}
	EndGlobalSection
EndGlobal
